
Microsoft Visual Studio Solution File, Format Version 12.00
# Visual Studio Version 17
VisualStudioVersion = 17.0.31903.59
MinimumVisualStudioVersion = 10.0.40219.1
Project("{FAE04EC0-301F-11D3-BF4B-00C04F79EFBC}") = "Domain", "Domain\Domain.csproj", "{684CB5F1-2D53-4EF5-A8B4-454813B58991}"
EndProject
Project("{FAE04EC0-301F-11D3-BF4B-00C04F79EFBC}") = "Infrastructure", "Infrastructure\Infrastructure.csproj", "{7CC46D7D-F492-489D-9A97-C0C3EB3B2B78}"
EndProject
Project("{FAE04EC0-301F-11D3-BF4B-00C04F79EFBC}") = "WebApp", "WebApp\WebApp.csproj", "{97367CE1-A7F1-494D-91A8-A2F06141A8A9}"
EndProject
Global
	GlobalSection(SolutionConfigurationPlatforms) = preSolution
		Debug|Any CPU = Debug|Any CPU
		Release|Any CPU = Release|Any CPU
	EndGlobalSection
	GlobalSection(SolutionProperties) = preSolution
		HideSolutionNode = FALSE
	EndGlobalSection
	GlobalSection(ProjectConfigurationPlatforms) = postSolution
		{684CB5F1-2D53-4EF5-A8B4-454813B58991}.Debug|Any CPU.ActiveCfg = Debug|Any CPU
		{684CB5F1-2D53-4EF5-A8B4-454813B58991}.Debug|Any CPU.Build.0 = Debug|Any CPU
		{684CB5F1-2D53-4EF5-A8B4-454813B58991}.Release|Any CPU.ActiveCfg = Release|Any CPU
		{684CB5F1-2D53-4EF5-A8B4-454813B58991}.Release|Any CPU.Build.0 = Release|Any CPU
		{7CC46D7D-F492-489D-9A97-C0C3EB3B2B78}.Debug|Any CPU.ActiveCfg = Debug|Any CPU
		{7CC46D7D-F492-489D-9A97-C0C3EB3B2B78}.Debug|Any CPU.Build.0 = Debug|Any CPU
		{7CC46D7D-F492-489D-9A97-C0C3EB3B2B78}.Release|Any CPU.ActiveCfg = Release|Any CPU
		{7CC46D7D-F492-489D-9A97-C0C3EB3B2B78}.Release|Any CPU.Build.0 = Release|Any CPU
		{97367CE1-A7F1-494D-91A8-A2F06141A8A9}.Debug|Any CPU.ActiveCfg = Debug|Any CPU
		{97367CE1-A7F1-494D-91A8-A2F06141A8A9}.Debug|Any CPU.Build.0 = Debug|Any CPU
		{97367CE1-A7F1-494D-91A8-A2F06141A8A9}.Release|Any CPU.ActiveCfg = Release|Any CPU
		{97367CE1-A7F1-494D-91A8-A2F06141A8A9}.Release|Any CPU.Build.0 = Release|Any CPU
	EndGlobalSection
EndGlobal
